
Microsoft Visual Studio Solution File, Format Version 12.00
# Visual Studio Version 17
VisualStudioVersion = 17.11.35222.181
MinimumVisualStudioVersion = 10.0.40219.1
Project("{9A19103F-16F7-4668-BE54-9A1E7A4F7556}") = "EcoMonitorWebApi", "EcoMonitorWebApi\EcoMonitorWebApi.csproj", "{A5FB49A3-D392-4C6F-A50D-AF967C58BB9C}"
EndProject
Project("{9A19103F-16F7-4668-BE54-9A1E7A4F7556}") = "EcoMonitor.Core", "EcoMonitor.Core\EcoMonitor.Core.csproj", "{D8035507-A00F-4760-9C7C-9F5B37C03C98}"
EndProject
Project("{FAE04EC0-301F-11D3-BF4B-00C04F79EFBC}") = "EcoMonitor.BLL", "EcoMonitor.BLL\EcoMonitor.BLL.csproj", "{5F684A06-D8F7-4030-B6A7-5E7695D680A8}"
EndProject
Global
	GlobalSection(SolutionConfigurationPlatforms) = preSolution
		Debug|Any CPU = Debug|Any CPU
		Release|Any CPU = Release|Any CPU
	EndGlobalSection
	GlobalSection(ProjectConfigurationPlatforms) = postSolution
		{A5FB49A3-D392-4C6F-A50D-AF967C58BB9C}.Debug|Any CPU.ActiveCfg = Debug|Any CPU
		{A5FB49A3-D392-4C6F-A50D-AF967C58BB9C}.Debug|Any CPU.Build.0 = Debug|Any CPU
		{A5FB49A3-D392-4C6F-A50D-AF967C58BB9C}.Release|Any CPU.ActiveCfg = Release|Any CPU
		{A5FB49A3-D392-4C6F-A50D-AF967C58BB9C}.Release|Any CPU.Build.0 = Release|Any CPU
		{D8035507-A00F-4760-9C7C-9F5B37C03C98}.Debug|Any CPU.ActiveCfg = Debug|Any CPU
		{D8035507-A00F-4760-9C7C-9F5B37C03C98}.Debug|Any CPU.Build.0 = Debug|Any CPU
		{D8035507-A00F-4760-9C7C-9F5B37C03C98}.Release|Any CPU.ActiveCfg = Release|Any CPU
		{D8035507-A00F-4760-9C7C-9F5B37C03C98}.Release|Any CPU.Build.0 = Release|Any CPU
		{5F684A06-D8F7-4030-B6A7-5E7695D680A8}.Debug|Any CPU.ActiveCfg = Debug|Any CPU
		{5F684A06-D8F7-4030-B6A7-5E7695D680A8}.Debug|Any CPU.Build.0 = Debug|Any CPU
		{5F684A06-D8F7-4030-B6A7-5E7695D680A8}.Release|Any CPU.ActiveCfg = Release|Any CPU
		{5F684A06-D8F7-4030-B6A7-5E7695D680A8}.Release|Any CPU.Build.0 = Release|Any CPU
	EndGlobalSection
	GlobalSection(SolutionProperties) = preSolution
		HideSolutionNode = FALSE
	EndGlobalSection
	GlobalSection(ExtensibilityGlobals) = postSolution
		SolutionGuid = {714586BB-3A49-439A-879E-F400645DEA90}
	EndGlobalSection
EndGlobal
